{
  "nodes": {
    "agenix": {
      "inputs": {
        "darwin": "darwin",
        "home-manager": "home-manager",
        "nixpkgs": [
          "nixpkgs"
        ],
        "systems": "systems"
      },
      "locked": {
        "lastModified": 1770165109,
        "narHash": "sha256-9VnK6Oqai65puVJ4WYtCTvlJeXxMzAp/69HhQuTdl/I=",
        "owner": "ryantm",
        "repo": "agenix",
        "rev": "b027ee29d959fda4b60b57566d64c98a202e0feb",
        "type": "github"
      },
      "original": {
        "owner": "ryantm",
        "repo": "agenix",
        "type": "github"
      }
    },
    "darwin": {
      "inputs": {
        "nixpkgs": [
          "agenix",
          "nixpkgs"
        ]
      },
      "locked": {
        "lastModified": 1744478979,
        "narHash": "sha256-dyN+teG9G82G+m+PX/aSAagkC+vUv0SgUw3XkPhQodQ=",
        "owner": "lnl7",
        "repo": "nix-darwin",
        "rev": "43975d782b418ebf4969e9ccba82466728c2851b",
        "type": "github"
      },
      "original": {
        "owner": "lnl7",
        "ref": "master",
        "repo": "nix-darwin",
        "type": "github"
      }
    },
    "domacroc": {
      "inputs": {
        "nixpkgs": [
          "nixpkgs"
        ]
      },
      "locked": {
        "lastModified": 1779671400,
        "narHash": "sha256-J3d6ZpgiaG/nGsthySYHZ4TmqUcL+ikDkqm7j2l4E30=",
        "owner": "SquirrelModeller",
        "repo": "domacroc",
        "rev": "574be3ad35758c6de208c460e0b8ab43a9f3e3a6",
        "type": "github"
      },
      "original": {
        "owner": "SquirrelModeller",
        "repo": "domacroc",
        "type": "github"
      }
    },
    "hjem": {
      "inputs": {
        "nix-darwin": "nix-darwin",
        "nixpkgs": [
          "nixpkgs"
        ]
      },
      "locked": {
        "lastModified": 1779575248,
        "narHash": "sha256-Zh9+WMsxDbLVWwhccXjLW+PYO/5ZyUFQLZdYydycbx8=",
        "owner": "feel-co",
        "repo": "hjem",
        "rev": "77bf113e3ce91c6632def66222198561437853dc",
        "type": "github"
      },
      "original": {
        "owner": "feel-co",
        "repo": "hjem",
        "type": "github"
      }
    },
    "home-manager": {
      "inputs": {
        "nixpkgs": [
          "agenix",
          "nixpkgs"
        ]
      },
      "locked": {
        "lastModified": 1745494811,
        "narHash": "sha256-YZCh2o9Ua1n9uCvrvi5pRxtuVNml8X2a03qIFfRKpFs=",
        "owner": "nix-community",
        "repo": "home-manager",
        "rev": "abfad3d2958c9e6300a883bd443512c55dfeb1be",
        "type": "github"
      },
      "original": {
        "owner": "nix-community",
        "repo": "home-manager",
        "type": "github"
      }
    },
    "nix-darwin": {
      "inputs": {
        "nixpkgs": [
          "hjem",
          "nixpkgs"
        ]
      },
      "locked": {
        "lastModified": 1777780666,
        "narHash": "sha256-8wURyQMdDkGUarSTKOGdCuFfYiwa3HbzwscUfn3STDE=",
        "owner": "nix-darwin",
        "repo": "nix-darwin",
        "rev": "8c62fba0854ba15c8917aed18894dbccb48a3777",
        "type": "github"
      },
      "original": {
        "owner": "nix-darwin",
        "repo": "nix-darwin",
        "type": "github"
      }
    },
    "nix-darwin_2": {
      "inputs": {
        "nixpkgs": [
          "nixpkgs"
        ]
      },
      "locked": {
        "lastModified": 1779036909,
        "narHash": "sha256-zXcwYQGCT6pzinK+1dBB2ekTVtfxGZAapb3Evdcu4fY=",
        "owner": "nix-darwin",
        "repo": "nix-darwin",
        "rev": "56c666e108467d87d13508936aade6d567f2a501",
        "type": "github"
      },
      "original": {
        "owner": "nix-darwin",
        "ref": "master",
        "repo": "nix-darwin",
        "type": "github"
      }
    },
    "nix-qml-support": {
      "inputs": {
        "nixpkgs": [
          "nixpkgs"
        ]
      },
      "locked": {
        "lastModified": 1767942797,
        "narHash": "sha256-ypny6yOP3Buh7UBmETW3R/el3nHdzYNOCMhVnCdm9U4=",
        "ref": "refs/heads/master",
        "rev": "8bdd6351a130f8ed8fe13c9ec87ed965c4d9912b",
        "revCount": 2,
        "type": "git",
        "url": "https://git.outfoxxed.me/outfoxxed/nix-qml-support"
      },
      "original": {
        "type": "git",
        "url": "https://git.outfoxxed.me/outfoxxed/nix-qml-support"
      }
    },
    "nixpkgs": {
      "locked": {
        "lastModified": 1779508470,
        "narHash": "sha256-Ap9KJX+5xHIn3bPIpfNgT6MEXdAECECwo4/rmlQD74M=",
        "owner": "nixos",
        "repo": "nixpkgs",
        "rev": "29916453413845e54a65b8a1cf996842300cd299",
        "type": "github"
      },
      "original": {
        "owner": "nixos",
        "ref": "nixos-unstable",
        "repo": "nixpkgs",
        "type": "github"
      }
    },
    "quickshell": {
      "inputs": {
        "nixpkgs": [
          "nixpkgs"
        ]
      },
      "locked": {
        "lastModified": 1779430452,
        "narHash": "sha256-zTslhsxLqUlRTML506iougTGzyR38Fzhzn7t4KDEuuE=",
        "ref": "refs/heads/master",
        "rev": "4b4fca3224ab977dc515ac0bb78d00b3dfa71e00",
        "revCount": 819,
        "type": "git",
        "url": "https://git.outfoxxed.me/outfoxxed/quickshell"
      },
      "original": {
        "type": "git",
        "url": "https://git.outfoxxed.me/outfoxxed/quickshell"
      }
    },
    "root": {
      "inputs": {
        "agenix": "agenix",
        "domacroc": "domacroc",
        "hjem": "hjem",
        "nix-darwin": "nix-darwin_2",
        "nix-qml-support": "nix-qml-support",
        "nixpkgs": "nixpkgs",
        "quickshell": "quickshell",
        "rrss": "rrss",
        "squirrel-website": "squirrel-website",
        "systems": "systems_2"
      }
    },
    "rrss": {
      "inputs": {
        "nixpkgs": [
          "nixpkgs"
        ]
      },
      "locked": {
        "lastModified": 1775169723,
        "narHash": "sha256-sIk7X9Tv/0ZS8sbulojzsLWGVd+Mut9P8zJ5cb5Sf2I=",
        "owner": "SquirrelModeller",
        "repo": "rrss",
        "rev": "3c07e68b903c725973d30f55835d6a4a824da7b4",
        "type": "github"
      },
      "original": {
        "owner": "SquirrelModeller",
        "repo": "rrss",
        "type": "github"
      }
    },
    "squirrel-website": {
      "inputs": {
        "nixpkgs": [
          "nixpkgs"
        ]
      },
      "locked": {
        "lastModified": 1779822338,
        "narHash": "sha256-cYeqyUm5Yoc37PWjugjcS9cRv6Z/uMm0xYJv3yNGqSQ=",
        "owner": "SquirrelModeller",
        "repo": "squirrel-website",
        "rev": "5850ac2e4f1c8d4a941d40a553721106f55bb1c3",
        "type": "github"
      },
      "original": {
        "owner": "SquirrelModeller",
        "repo": "squirrel-website",
        "type": "github"
      }
    },
    "systems": {
      "locked": {
        "lastModified": 1681028828,
        "narHash": "sha256-Vy1rq5AaRuLzOxct8nz4T6wlgyUR7zLU309k9mBC768=",
        "owner": "nix-systems",
        "repo": "default",
        "rev": "da67096a3b9bf56a91d16901293e51ba5b49a27e",
        "type": "github"
      },
      "original": {
        "owner": "nix-systems",
        "repo": "default",
        "type": "github"
      }
    },
    "systems_2": {
      "locked": {
        "lastModified": 1689347949,
        "narHash": "sha256-12tWmuL2zgBgZkdoB6qXZsgJEH9LR3oUgpaQq2RbI80=",
        "owner": "nix-systems",
        "repo": "default-linux",
        "rev": "31732fcf5e8fea42e59c2488ad31a0e651500f68",
        "type": "github"
      },
      "original": {
        "owner": "nix-systems",
        "repo": "default-linux",
        "type": "github"
      }
    }
  },
  "root": "root",
  "version": 7
}
